
Microsoft Visual Studio Solution File, Format Version 12.00
# Visual Studio 15
VisualStudioVersion = 15.0.28307.572
MinimumVisualStudioVersion = 10.0.40219.1
Project("{9A19103F-16F7-4668-BE54-9A1E7A4F7556}") = "MVCTesting", "MVCTesting\MVCTesting.csproj", "{87B67E15-2E4A-426B-A75D-7AD4EA46E564}"
EndProject
Project("{9A19103F-16F7-4668-BE54-9A1E7A4F7556}") = "PagesTesting", "PagesTesting\PagesTesting.csproj", "{5B64D084-9CB2-4898-8F82-C20291E0A388}"
EndProject
Project("{FAE04EC0-301F-11D3-BF4B-00C04F79EFBC}") = "Notes", "Notes\Notes.csproj", "{5898E612-0F4E-480A-95BB-912F42B603A2}"
EndProject
Global
	GlobalSection(SolutionConfigurationPlatforms) = preSolution
		Debug|Any CPU = Debug|Any CPU
		Release|Any CPU = Release|Any CPU
	EndGlobalSection
	GlobalSection(ProjectConfigurationPlatforms) = postSolution
		{87B67E15-2E4A-426B-A75D-7AD4EA46E564}.Debug|Any CPU.ActiveCfg = Debug|Any CPU
		{87B67E15-2E4A-426B-A75D-7AD4EA46E564}.Debug|Any CPU.Build.0 = Debug|Any CPU
		{87B67E15-2E4A-426B-A75D-7AD4EA46E564}.Release|Any CPU.ActiveCfg = Release|Any CPU
		{87B67E15-2E4A-426B-A75D-7AD4EA46E564}.Release|Any CPU.Build.0 = Release|Any CPU
		{5B64D084-9CB2-4898-8F82-C20291E0A388}.Debug|Any CPU.ActiveCfg = Debug|Any CPU
		{5B64D084-9CB2-4898-8F82-C20291E0A388}.Debug|Any CPU.Build.0 = Debug|Any CPU
		{5B64D084-9CB2-4898-8F82-C20291E0A388}.Release|Any CPU.ActiveCfg = Release|Any CPU
		{5B64D084-9CB2-4898-8F82-C20291E0A388}.Release|Any CPU.Build.0 = Release|Any CPU
		{5898E612-0F4E-480A-95BB-912F42B603A2}.Debug|Any CPU.ActiveCfg = Debug|Any CPU
		{5898E612-0F4E-480A-95BB-912F42B603A2}.Debug|Any CPU.Build.0 = Debug|Any CPU
		{5898E612-0F4E-480A-95BB-912F42B603A2}.Release|Any CPU.ActiveCfg = Release|Any CPU
		{5898E612-0F4E-480A-95BB-912F42B603A2}.Release|Any CPU.Build.0 = Release|Any CPU
	EndGlobalSection
	GlobalSection(SolutionProperties) = preSolution
		HideSolutionNode = FALSE
	EndGlobalSection
	GlobalSection(ExtensibilityGlobals) = postSolution
		SolutionGuid = {17FE612C-975C-42E7-9A2F-3CBC2A4E5BC0}
	EndGlobalSection
EndGlobal
